// !$*UTF8*$!
{
	archiveVersion = 1;
	classes = {
	};
	objectVersion = 50;
	objects = {

/* Begin PBXBuildFile section */
		3B5BF80F22A696E1000F64BA /* AppDelegate.swift in Sources */ = {isa = PBXBuildFile; fileRef = 3B5BF80E22A696E1000F64BA /* AppDelegate.swift */; };
		3B5BF81122A696E1000F64BA /* ViewController.swift in Sources */ = {isa = PBXBuildFile; fileRef = 3B5BF81022A696E1000F64BA /* ViewController.swift */; };
		3B5BF81422A696E1000F64BA /* Main.storyboard in Resources */ = {isa = PBXBuildFile; fileRef = 3B5BF81222A696E1000F64BA /* Main.storyboard */; };
		3B5BF81622A696E5000F64BA /* Assets.xcassets in Resources */ = {isa = PBXBuildFile; fileRef = 3B5BF81522A696E5000F64BA /* Assets.xcassets */; };
		3B5BF81922A696E5000F64BA /* LaunchScreen.storyboard in Resources */ = {isa = PBXBuildFile; fileRef = 3B5BF81722A696E5000F64BA /* LaunchScreen.storyboard */; };
		B92DD630CD2C387F58D20C22 /* Pods_SSRRNApp.framework in Frameworks */ = {isa = PBXBuildFile; fileRef = 66F32E0021441D88E3B9D9F1 /* Pods_SSRRNApp.framework */; };
/* End PBXBuildFile section */

/* Begin PBXFileReference section */
		25FC238B816FC5CBEAEF54C4 /* Pods-SSRRNApp.debug.xcconfig */ = {isa = PBXFileReference; includeInIndex = 1; lastKnownFileType = text.xcconfig; name = "Pods-SSRRNApp.debug.xcconfig"; path = "Pods/Target Support Files/Pods-SSRRNApp/Pods-SSRRNApp.debug.xcconfig"; sourceTree = "<group>"; };
		3B5BF80B22A696E1000F64BA /* SSRRNApp.app */ = {isa = PBXFileReference; explicitFileType = wrapper.application; includeInIndex = 0; path = SSRRNApp.app; sourceTree = BUILT_PRODUCTS_DIR; };
		3B5BF80E22A696E1000F64BA /* AppDelegate.swift */ = {isa = PBXFileReference; lastKnownFileType = sourcecode.swift; path = AppDelegate.swift; sourceTree = "<group>"; };
		3B5BF81022A696E1000F64BA /* ViewController.swift */ = {isa = PBXFileReference; lastKnownFileType = sourcecode.swift; path = ViewController.swift; sourceTree = "<group>"; };
		3B5BF81322A696E1000F64BA /* Base */ = {isa = PBXFileReference; lastKnownFileType = file.storyboard; name = Base; path = Base.lproj/Main.storyboard; sourceTree = "<group>"; };
		3B5BF81522A696E5000F64BA /* Assets.xcassets */ = {isa = PBXFileReference; lastKnownFileType = folder.assetcatalog; path = Assets.xcassets; sourceTree = "<group>"; };
		3B5BF81822A696E5000F64BA /* Base */ = {isa = PBXFileReference; lastKnownFileType = file.storyboard; name = Base; path = Base.lproj/LaunchScreen.storyboard; sourceTree = "<group>"; };
		3B5BF81A22A696E5000F64BA /* Info.plist */ = {isa = PBXFileReference; lastKnownFileType = text.plist.xml; path = Info.plist; sourceTree = "<group>"; };
		66F32E0021441D88E3B9D9F1 /* Pods_SSRRNApp.framework */ = {isa = PBXFileReference; explicitFileType = wrapper.framework; includeInIndex = 0; path = Pods_SSRRNApp.framework; sourceTree = BUILT_PRODUCTS_DIR; };
		CBBE683073E4F2CFA2562B3C /* Pods-SSRRNApp.release.xcconfig */ = {isa = PBXFileReference; includeInIndex = 1; lastKnownFileType = text.xcconfig; name = "Pods-SSRRNApp.release.xcconfig"; path = "Pods/Target Support Files/Pods-SSRRNApp/Pods-SSRRNApp.release.xcconfig"; sourceTree = "<group>"; };
/* End PBXFileReference section */

/* Begin PBXFrameworksBuildPhase section */
		3B5BF80822A696E1000F64BA /* Frameworks */ = {
			isa = PBXFrameworksBuildPhase;
			buildActionMask = 2147483647;
			files = (
				B92DD630CD2C387F58D20C22 /* Pods_SSRRNApp.framework in Frameworks */,
			);
			runOnlyForDeploymentPostprocessing = 0;
		};
/* End PBXFrameworksBuildPhase section */

/* Begin PBXGroup section */
		285E0340AD8BC2C0FE5685AC /* Pods */ = {
			isa = PBXGroup;
			children = (
				25FC238B816FC5CBEAEF54C4 /* Pods-SSRRNApp.debug.xcconfig */,
				CBBE683073E4F2CFA2562B3C /* Pods-SSRRNApp.release.xcconfig */,
			);
			name = Pods;
			sourceTree = "<group>";
		};
		2A3825869870B43CC2AF9EF3 /* Frameworks */ = {
			isa = PBXGroup;
			children = (
				66F32E0021441D88E3B9D9F1 /* Pods_SSRRNApp.framework */,
			);
			name = Frameworks;
			sourceTree = "<group>";
		};
		3B5BF80222A696E1000F64BA = {
			isa = PBXGroup;
			children = (
				3B5BF80D22A696E1000F64BA /* SSRRNApp */,
				3B5BF80C22A696E1000F64BA /* Products */,
				285E0340AD8BC2C0FE5685AC /* Pods */,
				2A3825869870B43CC2AF9EF3 /* Frameworks */,
			);
			sourceTree = "<group>";
		};
		3B5BF80C22A696E1000F64BA /* Products */ = {
			isa = PBXGroup;
			children = (
				3B5BF80B22A696E1000F64BA /* SSRRNApp.app */,
			);
			name = Products;
			sourceTree = "<group>";
		};
		3B5BF80D22A696E1000F64BA /* SSRRNApp */ = {
			isa = PBXGroup;
			children = (
				3B5BF80E22A696E1000F64BA /* AppDelegate.swift */,
				3B5BF81022A696E1000F64BA /* ViewController.swift */,
				3B5BF81222A696E1000F64BA /* Main.storyboard */,
				3B5BF81522A696E5000F64BA /* Assets.xcassets */,
				3B5BF81722A696E5000F64BA /* LaunchScreen.storyboard */,
				3B5BF81A22A696E5000F64BA /* Info.plist */,
			);
			path = SSRRNApp;
			sourceTree = "<group>";
		};
/* End PBXGroup section */

/* Begin PBXNativeTarget section */
		3B5BF80A22A696E1000F64BA /* SSRRNApp */ = {
			isa = PBXNativeTarget;
			buildConfigurationList = 3B5BF81D22A696E5000F64BA /* Build configuration list for PBXNativeTarget "SSRRNApp" */;
			buildPhases = (
				0018031B080CB8A43A956814 /* [CP] Check Pods Manifest.lock */,
				3B5BF80722A696E1000F64BA /* Sources */,
				3B5BF80822A696E1000F64BA /* Frameworks */,
				3B5BF80922A696E1000F64BA /* Resources */,
				CD6E59391662259E27F0A6FA /* [CP] Embed Pods Frameworks */,
			);
			buildRules = (
			);
			dependencies = (
			);
			name = SSRRNApp;
			productName = SSRRNApp;
			productReference = 3B5BF80B22A696E1000F64BA /* SSRRNApp.app */;
			productType = "com.apple.product-type.application";
		};
/* End PBXNativeTarget section */

/* Begin PBXProject section */
		3B5BF80322A696E1000F64BA /* Project object */ = {
			isa = PBXProject;
			attributes = {
				LastSwiftUpdateCheck = 1020;
				LastUpgradeCheck = 1020;
				ORGANIZATIONNAME = shendong;
				TargetAttributes = {
					3B5BF80A22A696E1000F64BA = {
						CreatedOnToolsVersion = 10.2.1;
					};
				};
			};
			buildConfigurationList = 3B5BF80622A696E1000F64BA /* Build configuration list for PBXProject "SSRRNApp" */;
			compatibilityVersion = "Xcode 9.3";
			developmentRegion = en;
			hasScannedForEncodings = 0;
			knownRegions = (
				en,
				Base,
			);
			mainGroup = 3B5BF80222A696E1000F64BA;
			productRefGroup = 3B5BF80C22A696E1000F64BA /* Products */;
			projectDirPath = "";
			projectRoot = "";
			targets = (
				3B5BF80A22A696E1000F64BA /* SSRRNApp */,
			);
		};
/* End PBXProject section */

/* Begin PBXResourcesBuildPhase section */
		3B5BF80922A696E1000F64BA /* Resources */ = {
			isa = PBXResourcesBuildPhase;
			buildActionMask = 2147483647;
			files = (
				3B5BF81922A696E5000F64BA /* LaunchScreen.storyboard in Resources */,
				3B5BF81622A696E5000F64BA /* Assets.xcassets in Resources */,
				3B5BF81422A696E1000F64BA /* Main.storyboard in Resources */,
			);
			runOnlyForDeploymentPostprocessing = 0;
		};
/* End PBXResourcesBuildPhase section */

/* Begin PBXShellScriptBuildPhase section */
		0018031B080CB8A43A956814 /* [CP] Check Pods Manifest.lock */ = {
			isa = PBXShellScriptBuildPhase;
			buildActionMask = 2147483647;
			files = (
			);
			inputFileListPaths = (
			);
			inputPaths = (
				"${PODS_PODFILE_DIR_PATH}/Podfile.lock",
				"${PODS_ROOT}/Manifest.lock",
			);
			name = "[CP] Check Pods Manifest.lock";
			outputFileListPaths = (
			);
			outputPaths = (
				"$(DERIVED_FILE_DIR)/Pods-SSRRNApp-checkManifestLockResult.txt",
			);
			runOnlyForDeploymentPostprocessing = 0;
			shellPath = /bin/sh;
			shellScript = "diff \"${PODS_PODFILE_DIR_PATH}/Podfile.lock\" \"${PODS_ROOT}/Manifest.lock\" > /dev/null\nif [ $? != 0 ] ; then\n    # print error to STDERR\n    echo \"error: The sandbox is not in sync with the Podfile.lock. Run 'pod install' or update your CocoaPods installation.\" >&2\n    exit 1\nfi\n# This output is used by Xcode 'outputs' to avoid re-running this script phase.\necho \"SUCCESS\" > \"${SCRIPT_OUTPUT_FILE_0}\"\n";
			showEnvVarsInLog = 0;
		};
		CD6E59391662259E27F0A6FA /* [CP] Embed Pods Frameworks */ = {
			isa = PBXShellScriptBuildPhase;
			buildActionMask = 2147483647;
			files = (
			);
			inputFileListPaths = (
			);
			inputPaths = (
				"${SRCROOT}/Pods/Target Support Files/Pods-SSRRNApp/Pods-SSRRNApp-frameworks.sh",
				"${BUILT_PRODUCTS_DIR}/DoubleConversion/DoubleConversion.framework",
				"${BUILT_PRODUCTS_DIR}/Folly/folly.framework",
				"${BUILT_PRODUCTS_DIR}/React/React.framework",
				"${BUILT_PRODUCTS_DIR}/glog/glog.framework",
				"${BUILT_PRODUCTS_DIR}/yoga/yoga.framework",
			);
			name = "[CP] Embed Pods Frameworks";
			outputFileListPaths = (
			);
			outputPaths = (
				"${TARGET_BUILD_DIR}/${FRAMEWORKS_FOLDER_PATH}/DoubleConversion.framework",
				"${TARGET_BUILD_DIR}/${FRAMEWORKS_FOLDER_PATH}/folly.framework",
				"${TARGET_BUILD_DIR}/${FRAMEWORKS_FOLDER_PATH}/React.framework",
				"${TARGET_BUILD_DIR}/${FRAMEWORKS_FOLDER_PATH}/glog.framework",
				"${TARGET_BUILD_DIR}/${FRAMEWORKS_FOLDER_PATH}/yoga.framework",
			);
			runOnlyForDeploymentPostprocessing = 0;
			shellPath = /bin/sh;
			shellScript = "\"${SRCROOT}/Pods/Target Support Files/Pods-SSRRNApp/Pods-SSRRNApp-frameworks.sh\"\n";
			showEnvVarsInLog = 0;
		};
/* End PBXShellScriptBuildPhase section */

/* Begin PBXSourcesBuildPhase section */
		3B5BF80722A696E1000F64BA /* Sources */ = {
			isa = PBXSourcesBuildPhase;
			buildActionMask = 2147483647;
			files = (
				3B5BF81122A696E1000F64BA /* ViewController.swift in Sources */,
				3B5BF80F22A696E1000F64BA /* AppDelegate.swift in Sources */,
			);
			runOnlyForDeploymentPostprocessing = 0;
		};
/* End PBXSourcesBuildPhase section */

/* Begin PBXVariantGroup section */
		3B5BF81222A696E1000F64BA /* Main.storyboard */ = {
			isa = PBXVariantGroup;
			children = (
				3B5BF81322A696E1000F64BA /* Base */,
			);
			name = Main.storyboard;
			sourceTree = "<group>";
		};
		3B5BF81722A696E5000F64BA /* LaunchScreen.storyboard */ = {
			isa = PBXVariantGroup;
			children = (
				3B5BF81822A696E5000F64BA /* Base */,
			);
			name = LaunchScreen.storyboard;
			sourceTree = "<group>";
		};
/* End PBXVariantGroup section */

/* Begin XCBuildConfiguration section */
		3B5BF81B22A696E5000F64BA /* Debug */ = {
			isa = XCBuildConfiguration;
			buildSettings = {
				ALWAYS_SEARCH_USER_PATHS = NO;
				CLANG_ANALYZER_NONNULL = YES;
				CLANG_ANALYZER_NUMBER_OBJECT_CONVERSION = YES_AGGRESSIVE;
				CLANG_CXX_LANGUAGE_STANDARD = "gnu++14";
				CLANG_CXX_LIBRARY = "libc++";
				CLANG_ENABLE_MODULES = YES;
				CLANG_ENABLE_OBJC_ARC = YES;
				CLANG_ENABLE_OBJC_WEAK = YES;
				CLANG_WARN_BLOCK_CAPTURE_AUTORELEASING = YES;
				CLANG_WARN_BOOL_CONVERSION = YES;
				CLANG_WARN_COMMA = YES;
				CLANG_WARN_CONSTANT_CONVERSION = YES;
				CLANG_WARN_DEPRECATED_OBJC_IMPLEMENTATIONS = YES;
				CLANG_WARN_DIRECT_OBJC_ISA_USAGE = YES_ERROR;
				CLANG_WARN_DOCUMENTATION_COMMENTS = YES;
				CLANG_WARN_EMPTY_BODY = YES;
				CLANG_WARN_ENUM_CONVERSION = YES;
				CLANG_WARN_INFINITE_RECURSION = YES;
				CLANG_WARN_INT_CONVERSION = YES;
				CLANG_WARN_NON_LITERAL_NULL_CONVERSION = YES;
				CLANG_WARN_OBJC_IMPLICIT_RETAIN_SELF = YES;
				CLANG_WARN_OBJC_LITERAL_CONVERSION = YES;
				CLANG_WARN_OBJC_ROOT_CLASS = YES_ERROR;
				CLANG_WARN_RANGE_LOOP_ANALYSIS = YES;
				CLANG_WARN_STRICT_PROTOTYPES = YES;
				CLANG_WARN_SUSPICIOUS_MOVE = YES;
				CLANG_WARN_UNGUARDED_AVAILABILITY = YES_AGGRESSIVE;
				CLANG_WARN_UNREACHABLE_CODE = YES;
				CLANG_WARN__DUPLICATE_METHOD_MATCH = YES;
				CODE_SIGN_IDENTITY = "iPhone Developer";
				COPY_PHASE_STRIP = NO;
				DEBUG_INFORMATION_FORMAT = dwarf;
				ENABLE_STRICT_OBJC_MSGSEND = YES;
				ENABLE_TESTABILITY = YES;
				GCC_C_LANGUAGE_STANDARD = gnu11;
				GCC_DYNAMIC_NO_PIC = NO;
				GCC_NO_COMMON_BLOCKS = YES;
				GCC_OPTIMIZATION_LEVEL = 0;
				GCC_PREPROCESSOR_DEFINITIONS = (
					"DEBUG=1",
					"$(inherited)",
				);
				GCC_WARN_64_TO_32_BIT_CONVERSION = YES;
				GCC_WARN_ABOUT_RETURN_TYPE = YES_ERROR;
				GCC_WARN_UNDECLARED_SELECTOR = YES;
				GCC_WARN_UNINITIALIZED_AUTOS = YES_AGGRESSIVE;
				GCC_WARN_UNUSED_FUNCTION = YES;
				GCC_WARN_UNUSED_VARIABLE = YES;
				IPHONEOS_DEPLOYMENT_TARGET = 12.2;
				MTL_ENABLE_DEBUG_INFO = INCLUDE_SOURCE;
				MTL_FAST_MATH = YES;
				ONLY_ACTIVE_ARCH = YES;
				SDKROOT = iphoneos;
				SWIFT_ACTIVE_COMPILATION_CONDITIONS = DEBUG;
				SWIFT_OPTIMIZATION_LEVEL = "-Onone";
			};
			name = Debug;
		};
		3B5BF81C22A696E5000F64BA /* Release */ = {
			isa = XCBuildConfiguration;
			buildSettings = {
				ALWAYS_SEARCH_USER_PATHS = NO;
				CLANG_ANALYZER_NONNULL = YES;
				CLANG_ANALYZER_NUMBER_OBJECT_CONVERSION = YES_AGGRESSIVE;
				CLANG_CXX_LANGUAGE_STANDARD = "gnu++14";
				CLANG_CXX_LIBRARY = "libc++";
				CLANG_ENABLE_MODULES = YES;
				CLANG_ENABLE_OBJC_ARC = YES;
				CLANG_ENABLE_OBJC_WEAK = YES;
				CLANG_WARN_BLOCK_CAPTURE_AUTORELEASING = YES;
				CLANG_WARN_BOOL_CONVERSION = YES;
				CLANG_WARN_COMMA = YES;
				CLANG_WARN_CONSTANT_CONVERSION = YES;
				CLANG_WARN_DEPRECATED_OBJC_IMPLEMENTATIONS = YES;
				CLANG_WARN_DIRECT_OBJC_ISA_USAGE = YES_ERROR;
				CLANG_WARN_DOCUMENTATION_COMMENTS = YES;
				CLANG_WARN_EMPTY_BODY = YES;
				CLANG_WARN_ENUM_CONVERSION = YES;
				CLANG_WARN_INFINITE_RECURSION = YES;
				CLANG_WARN_INT_CONVERSION = YES;
				CLANG_WARN_NON_LITERAL_NULL_CONVERSION = YES;
				CLANG_WARN_OBJC_IMPLICIT_RETAIN_SELF = YES;
				CLANG_WARN_OBJC_LITERAL_CONVERSION = YES;
				CLANG_WARN_OBJC_ROOT_CLASS = YES_ERROR;
				CLANG_WARN_RANGE_LOOP_ANALYSIS = YES;
				CLANG_WARN_STRICT_PROTOTYPES = YES;
				CLANG_WARN_SUSPICIOUS_MOVE = YES;
				CLANG_WARN_UNGUARDED_AVAILABILITY = YES_AGGRESSIVE;
				CLANG_WARN_UNREACHABLE_CODE = YES;
				CLANG_WARN__DUPLICATE_METHOD_MATCH = YES;
				CODE_SIGN_IDENTITY = "iPhone Developer";
				COPY_PHASE_STRIP = NO;
				DEBUG_INFORMATION_FORMAT = "dwarf-with-dsym";
				ENABLE_NS_ASSERTIONS = NO;
				ENABLE_STRICT_OBJC_MSGSEND = YES;
				GCC_C_LANGUAGE_STANDARD = gnu11;
				GCC_NO_COMMON_BLOCKS = YES;
				GCC_WARN_64_TO_32_BIT_CONVERSION = YES;
				GCC_WARN_ABOUT_RETURN_TYPE = YES_ERROR;
				GCC_WARN_UNDECLARED_SELECTOR = YES;
				GCC_WARN_UNINITIALIZED_AUTOS = YES_AGGRESSIVE;
				GCC_WARN_UNUSED_FUNCTION = YES;
				GCC_WARN_UNUSED_VARIABLE = YES;
				IPHONEOS_DEPLOYMENT_TARGET = 12.2;
				MTL_ENABLE_DEBUG_INFO = NO;
				MTL_FAST_MATH = YES;
				SDKROOT = iphoneos;
				SWIFT_COMPILATION_MODE = wholemodule;
				SWIFT_OPTIMIZATION_LEVEL = "-O";
				VALIDATE_PRODUCT = YES;
			};
			name = Release;
		};
		3B5BF81E22A696E5000F64BA /* Debug */ = {
			isa = XCBuildConfiguration;
			baseConfigurationReference = 25FC238B816FC5CBEAEF54C4 /* Pods-SSRRNApp.debug.xcconfig */;
			buildSettings = {
				ASSETCATALOG_COMPILER_APPICON_NAME = AppIcon;
				CODE_SIGN_STYLE = Automatic;
				INFOPLIST_FILE = SSRRNApp/Info.plist;
				IPHONEOS_DEPLOYMENT_TARGET = 9.0;
				LD_RUNPATH_SEARCH_PATHS = (
					"$(inherited)",
					"@executable_path/Frameworks",
				);
				PRODUCT_BUNDLE_IDENTIFIER = shendong.SSRRNApp;
				PRODUCT_NAME = "$(TARGET_NAME)";
				SWIFT_VERSION = 5.0;
				TARGETED_DEVICE_FAMILY = "1,2";
			};
			name = Debug;
		};
		3B5BF81F22A696E5000F64BA /* Release */ = {
			isa = XCBuildConfiguration;
			baseConfigurationReference = CBBE683073E4F2CFA2562B3C /* Pods-SSRRNApp.release.xcconfig */;
			buildSettings = {
				ASSETCATALOG_COMPILER_APPICON_NAME = AppIcon;
				CODE_SIGN_STYLE = Automatic;
				INFOPLIST_FILE = SSRRNApp/Info.plist;
				IPHONEOS_DEPLOYMENT_TARGET = 9.0;
				LD_RUNPATH_SEARCH_PATHS = (
					"$(inherited)",
					"@executable_path/Frameworks",
				);
				PRODUCT_BUNDLE_IDENTIFIER = shendong.SSRRNApp;
				PRODUCT_NAME = "$(TARGET_NAME)";
				SWIFT_VERSION = 5.0;
				TARGETED_DEVICE_FAMILY = "1,2";
			};
			name = Release;
		};
/* End XCBuildConfiguration section */

/* Begin XCConfigurationList section */
		3B5BF80622A696E1000F64BA /* Build configuration list for PBXProject "SSRRNApp" */ = {
			isa = XCConfigurationList;
			buildConfigurations = (
				3B5BF81B22A696E5000F64BA /* Debug */,
				3B5BF81C22A696E5000F64BA /* Release */,
			);
			defaultConfigurationIsVisible = 0;
			defaultConfigurationName = Release;
		};
		3B5BF81D22A696E5000F64BA /* Build configuration list for PBXNativeTarget "SSRRNApp" */ = {
			isa = XCConfigurationList;
			buildConfigurations = (
				3B5BF81E22A696E5000F64BA /* Debug */,
				3B5BF81F22A696E5000F64BA /* Release */,
			);
			defaultConfigurationIsVisible = 0;
			defaultConfigurationName = Release;
		};
/* End XCConfigurationList section */
	};
	rootObject = 3B5BF80322A696E1000F64BA /* Project object */;
}
